<?xml version="1.0" encoding="utf-8"?>
<Project ToolsVersion="4.0" xmlns="http://schemas.microsoft.com/developer/msbuild/2003">
  <ItemGroup>
    <Filter Include="Source Files">
      <UniqueIdentifier>{9cc004fb-df01-4ab7-a5b7-fe10c508fae6}</UniqueIdentifier>
      <Extensions>cpp;c;cxx;rc;def;r;odl;idl;hpj;bat</Extensions>
    </Filter>
    <Filter Include="Header Files">
      <UniqueIdentifier>{44221553-6d29-45d0-886a-80fa9894cbb8}</UniqueIdentifier>
      <Extensions>h;hpp;hxx;hm;inl</Extensions>
    </Filter>
    <Filter Include="Resource Files">
      <UniqueIdentifier>{b89c4043-2e1a-46ad-8c0b-3512354115f9}</UniqueIdentifier>
      <Extensions>ico;cur;bmp;dlg;rc2;rct;bin;rgs;gif;jpg;jpeg;jpe</Extensions>
    </Filter>
  </ItemGroup>
  <ItemGroup>
    <ClCompile Include="Bitmap.cpp">
      <Filter>Source Files</Filter>
    </ClCompile>
    <ClCompile Include="ImpBrush.cpp">
      <Filter>Source Files</Filter>
    </ClCompile>
    <ClCompile Include="Impressionist.cpp">
      <Filter>Source Files</Filter>
    </ClCompile>
    <ClCompile Include="ImpressionistDoc.cpp">
      <Filter>Source Files</Filter>
    </ClCompile>
    <ClCompile Include="ImpressionistUI.cpp">
      <Filter>Source Files</Filter>
    </ClCompile>
    <ClCompile Include="OriginalView.cpp">
      <Filter>Source Files</Filter>
    </ClCompile>
    <ClCompile Include="PaintView.cpp">
      <Filter>Source Files</Filter>
    </ClCompile>
    <ClCompile Include="PointBrush.cpp">
      <Filter>Source Files</Filter>
    </ClCompile>
  </ItemGroup>
  <ItemGroup>
    <ClInclude Include="bitmap.h">
      <Filter>Header Files</Filter>
    </ClInclude>
    <ClInclude Include="ImpBrush.h">
      <Filter>Header Files</Filter>
    </ClInclude>
    <ClInclude Include="impressionist.h">
      <Filter>Header Files</Filter>
    </ClInclude>
    <ClInclude Include="impressionistDoc.h">
      <Filter>Header Files</Filter>
    </ClInclude>
    <ClInclude Include="impressionistUI.h">
      <Filter>Header Files</Filter>
    </ClInclude>
    <ClInclude Include="OriginalView.h">
      <Filter>Header Files</Filter>
    </ClInclude>
    <ClInclude Include="PaintView.h">
      <Filter>Header Files</Filter>
    </ClInclude>
    <ClInclude Include="PointBrush.h">
      <Filter>Header Files</Filter>
    </ClInclude>
  </ItemGroup>
</Project>