<?xml version="1.0" encoding="utf-8"?>
<Project ToolsVersion="4.0" xmlns="http://schemas.microsoft.com/developer/msbuild/2003">
  <ItemGroup>
    <ClCompile Include="AlphaMapBrush.cpp" />
    <ClCompile Include="Bitmap.cpp" />
    <ClCompile Include="CircleBrush.cpp" />
    <ClCompile Include="CurvedBrush.cpp" />
    <ClCompile Include="ImpBrush.cpp" />
    <ClCompile Include="Impressionist.cpp" />
    <ClCompile Include="ImpressionistDoc.cpp" />
    <ClCompile Include="ImpressionistUI.cpp" />
    <ClCompile Include="LineBrush.cpp" />
    <ClCompile Include="OriginalView.cpp" />
    <ClCompile Include="PaintView.cpp" />
    <ClCompile Include="PointBrush.cpp" />
    <ClCompile Include="ScatteredCircleBrush.cpp" />
    <ClCompile Include="ScatteredLineBrush.cpp" />
    <ClCompile Include="ScatteredPointBrush.cpp" />
    <ClCompile Include="VideoProcessor.cpp" />
    <ClCompile Include="WarpBrush.cpp" />
    <ClCompile Include="Bayesian.cpp" />
    <ClCompile Include="Cluster.cpp" />
    <ClCompile Include="node.cpp" />
    <ClCompile Include="PowerIter.cpp" />
  </ItemGroup>
  <ItemGroup>
    <ClInclude Include="AlphaMapBrush.h" />
    <ClInclude Include="bitmap.h" />
    <ClInclude Include="CircleBrush.h" />
    <ClInclude Include="CurvedBrush.h" />
    <ClInclude Include="ImpBrush.h" />
    <ClInclude Include="impressionist.h" />
    <ClInclude Include="impressionistDoc.h" />
    <ClInclude Include="impressionistUI.h" />
    <ClInclude Include="LineBrush.h" />
    <ClInclude Include="OriginalView.h" />
    <ClInclude Include="PaintView.h" />
    <ClInclude Include="PointBrush.h" />
    <ClInclude Include="ScatteredCircleBrush.h" />
    <ClInclude Include="ScatteredLineBrush.h" />
    <ClInclude Include="ScatteredPointBrush.h" />
    <ClInclude Include="VideoProcessor.h" />
    <ClInclude Include="WarpBrush.h" />
    <ClInclude Include="Bayesian.h" />
    <ClInclude Include="resource.h" />
    <ClInclude Include="Cluster.h" />
    <ClInclude Include="node.h" />
    <ClInclude Include="PowerIter.h" />
  </ItemGroup>
</Project>